
Microsoft Visual Studio Solution File, Format Version 12.00
Project("{FAE04EC0-301F-11D3-BF4B-00C04F79EFBC}") = "WebUI", "WebUI\WebUI.csproj", "{2C3C37AD-C7C0-49F1-8BD9-9E881ED7EA8B}"
EndProject
Project("{FAE04EC0-301F-11D3-BF4B-00C04F79EFBC}") = "Domain", "Domain\Domain.csproj", "{53EDE684-EE05-4198-AE3C-3DE1DB8DA41E}"
EndProject
Project("{FAE04EC0-301F-11D3-BF4B-00C04F79EFBC}") = "Application", "Application\Application.csproj", "{90F49E0F-EE79-4EF0-B3E9-ED7C2D0B7914}"
EndProject
Project("{FAE04EC0-301F-11D3-BF4B-00C04F79EFBC}") = "Infrastructure", "Infrastructure\Infrastructure.csproj", "{BFE843FA-186D-41F7-B087-ACF6DD4B1204}"
EndProject
Project("{FAE04EC0-301F-11D3-BF4B-00C04F79EFBC}") = "Common", "Common\Common.csproj", "{28861DAF-CF81-458F-93A0-3F4779486C7E}"
EndProject
Project("{2150E333-8FDC-42A3-9474-1A3956D46DE8}") = "1.Presentation", "1.Presentation", "{3723FF84-08D1-451B-91A0-70F5BF899C86}"
EndProject
Project("{2150E333-8FDC-42A3-9474-1A3956D46DE8}") = "2.Application", "2.Application", "{FE0274DB-E4EE-4ADC-9062-DE3C81B67EFA}"
EndProject
Project("{2150E333-8FDC-42A3-9474-1A3956D46DE8}") = "3. Domain", "3. Domain", "{CC92DC8A-8AC7-43CB-846E-A39F31EBAD78}"
EndProject
Project("{2150E333-8FDC-42A3-9474-1A3956D46DE8}") = "4. Infrastructure", "4. Infrastructure", "{64F8B079-4349-4E8D-BF80-58DAF32DF020}"
EndProject
Project("{2150E333-8FDC-42A3-9474-1A3956D46DE8}") = "5. Common", "5. Common", "{8698C0E2-954D-4D22-8037-FC4FA9DD9AA9}"
EndProject
Project("{2150E333-8FDC-42A3-9474-1A3956D46DE8}") = "6. Tests", "6. Tests", "{6653DD85-A5D4-4E6A-A9FC-B048D6025A58}"
EndProject
Global
	GlobalSection(SolutionConfigurationPlatforms) = preSolution
		Debug|Any CPU = Debug|Any CPU
		Release|Any CPU = Release|Any CPU
	EndGlobalSection
	GlobalSection(ProjectConfigurationPlatforms) = postSolution
		{2C3C37AD-C7C0-49F1-8BD9-9E881ED7EA8B}.Debug|Any CPU.ActiveCfg = Debug|Any CPU
		{2C3C37AD-C7C0-49F1-8BD9-9E881ED7EA8B}.Debug|Any CPU.Build.0 = Debug|Any CPU
		{2C3C37AD-C7C0-49F1-8BD9-9E881ED7EA8B}.Release|Any CPU.ActiveCfg = Release|Any CPU
		{2C3C37AD-C7C0-49F1-8BD9-9E881ED7EA8B}.Release|Any CPU.Build.0 = Release|Any CPU
		{53EDE684-EE05-4198-AE3C-3DE1DB8DA41E}.Debug|Any CPU.ActiveCfg = Debug|Any CPU
		{53EDE684-EE05-4198-AE3C-3DE1DB8DA41E}.Debug|Any CPU.Build.0 = Debug|Any CPU
		{53EDE684-EE05-4198-AE3C-3DE1DB8DA41E}.Release|Any CPU.ActiveCfg = Release|Any CPU
		{53EDE684-EE05-4198-AE3C-3DE1DB8DA41E}.Release|Any CPU.Build.0 = Release|Any CPU
		{90F49E0F-EE79-4EF0-B3E9-ED7C2D0B7914}.Debug|Any CPU.ActiveCfg = Debug|Any CPU
		{90F49E0F-EE79-4EF0-B3E9-ED7C2D0B7914}.Debug|Any CPU.Build.0 = Debug|Any CPU
		{90F49E0F-EE79-4EF0-B3E9-ED7C2D0B7914}.Release|Any CPU.ActiveCfg = Release|Any CPU
		{90F49E0F-EE79-4EF0-B3E9-ED7C2D0B7914}.Release|Any CPU.Build.0 = Release|Any CPU
		{BFE843FA-186D-41F7-B087-ACF6DD4B1204}.Debug|Any CPU.ActiveCfg = Debug|Any CPU
		{BFE843FA-186D-41F7-B087-ACF6DD4B1204}.Debug|Any CPU.Build.0 = Debug|Any CPU
		{BFE843FA-186D-41F7-B087-ACF6DD4B1204}.Release|Any CPU.ActiveCfg = Release|Any CPU
		{BFE843FA-186D-41F7-B087-ACF6DD4B1204}.Release|Any CPU.Build.0 = Release|Any CPU
		{28861DAF-CF81-458F-93A0-3F4779486C7E}.Debug|Any CPU.ActiveCfg = Debug|Any CPU
		{28861DAF-CF81-458F-93A0-3F4779486C7E}.Debug|Any CPU.Build.0 = Debug|Any CPU
		{28861DAF-CF81-458F-93A0-3F4779486C7E}.Release|Any CPU.ActiveCfg = Release|Any CPU
		{28861DAF-CF81-458F-93A0-3F4779486C7E}.Release|Any CPU.Build.0 = Release|Any CPU
	EndGlobalSection
	GlobalSection(NestedProjects) = preSolution
		{2C3C37AD-C7C0-49F1-8BD9-9E881ED7EA8B} = {3723FF84-08D1-451B-91A0-70F5BF899C86}
		{90F49E0F-EE79-4EF0-B3E9-ED7C2D0B7914} = {FE0274DB-E4EE-4ADC-9062-DE3C81B67EFA}
		{53EDE684-EE05-4198-AE3C-3DE1DB8DA41E} = {CC92DC8A-8AC7-43CB-846E-A39F31EBAD78}
		{28861DAF-CF81-458F-93A0-3F4779486C7E} = {8698C0E2-954D-4D22-8037-FC4FA9DD9AA9}
		{BFE843FA-186D-41F7-B087-ACF6DD4B1204} = {64F8B079-4349-4E8D-BF80-58DAF32DF020}
	EndGlobalSection
EndGlobal
