
Microsoft Visual Studio Solution File, Format Version 12.00
Project("{FAE04EC0-301F-11D3-BF4B-00C04F79EFBC}") = "WebUI", "WebUI\WebUI.csproj", "{2C3C37AD-C7C0-49F1-8BD9-9E881ED7EA8B}"
EndProject
Project("{FAE04EC0-301F-11D3-BF4B-00C04F79EFBC}") = "Domain", "Domain\Domain.csproj", "{53EDE684-EE05-4198-AE3C-3DE1DB8DA41E}"
EndProject
Project("{FAE04EC0-301F-11D3-BF4B-00C04F79EFBC}") = "Application", "Application\Application.csproj", "{90F49E0F-EE79-4EF0-B3E9-ED7C2D0B7914}"
EndProject
Project("{FAE04EC0-301F-11D3-BF4B-00C04F79EFBC}") = "Infrastructure", "Infrastructure\Infrastructure.csproj", "{BFE843FA-186D-41F7-B087-ACF6DD4B1204}"
EndProject
Project("{FAE04EC0-301F-11D3-BF4B-00C04F79EFBC}") = "Common", "Common\Common.csproj", "{28861DAF-CF81-458F-93A0-3F4779486C7E}"
EndProject
Global
	GlobalSection(SolutionConfigurationPlatforms) = preSolution
		Debug|Any CPU = Debug|Any CPU
		Release|Any CPU = Release|Any CPU
	EndGlobalSection
	GlobalSection(ProjectConfigurationPlatforms) = postSolution
		{2C3C37AD-C7C0-49F1-8BD9-9E881ED7EA8B}.Debug|Any CPU.ActiveCfg = Debug|Any CPU
		{2C3C37AD-C7C0-49F1-8BD9-9E881ED7EA8B}.Debug|Any CPU.Build.0 = Debug|Any CPU
		{2C3C37AD-C7C0-49F1-8BD9-9E881ED7EA8B}.Release|Any CPU.ActiveCfg = Release|Any CPU
		{2C3C37AD-C7C0-49F1-8BD9-9E881ED7EA8B}.Release|Any CPU.Build.0 = Release|Any CPU
		{53EDE684-EE05-4198-AE3C-3DE1DB8DA41E}.Debug|Any CPU.ActiveCfg = Debug|Any CPU
		{53EDE684-EE05-4198-AE3C-3DE1DB8DA41E}.Debug|Any CPU.Build.0 = Debug|Any CPU
		{53EDE684-EE05-4198-AE3C-3DE1DB8DA41E}.Release|Any CPU.ActiveCfg = Release|Any CPU
		{53EDE684-EE05-4198-AE3C-3DE1DB8DA41E}.Release|Any CPU.Build.0 = Release|Any CPU
		{90F49E0F-EE79-4EF0-B3E9-ED7C2D0B7914}.Debug|Any CPU.ActiveCfg = Debug|Any CPU
		{90F49E0F-EE79-4EF0-B3E9-ED7C2D0B7914}.Debug|Any CPU.Build.0 = Debug|Any CPU
		{90F49E0F-EE79-4EF0-B3E9-ED7C2D0B7914}.Release|Any CPU.ActiveCfg = Release|Any CPU
		{90F49E0F-EE79-4EF0-B3E9-ED7C2D0B7914}.Release|Any CPU.Build.0 = Release|Any CPU
		{BFE843FA-186D-41F7-B087-ACF6DD4B1204}.Debug|Any CPU.ActiveCfg = Debug|Any CPU
		{BFE843FA-186D-41F7-B087-ACF6DD4B1204}.Debug|Any CPU.Build.0 = Debug|Any CPU
		{BFE843FA-186D-41F7-B087-ACF6DD4B1204}.Release|Any CPU.ActiveCfg = Release|Any CPU
		{BFE843FA-186D-41F7-B087-ACF6DD4B1204}.Release|Any CPU.Build.0 = Release|Any CPU
		{28861DAF-CF81-458F-93A0-3F4779486C7E}.Debug|Any CPU.ActiveCfg = Debug|Any CPU
		{28861DAF-CF81-458F-93A0-3F4779486C7E}.Debug|Any CPU.Build.0 = Debug|Any CPU
		{28861DAF-CF81-458F-93A0-3F4779486C7E}.Release|Any CPU.ActiveCfg = Release|Any CPU
		{28861DAF-CF81-458F-93A0-3F4779486C7E}.Release|Any CPU.Build.0 = Release|Any CPU
	EndGlobalSection
EndGlobal
